{
  "name": "eight-bar-line",
  "lockfileVersion": 2,
  "requires": true,
  "packages": {
    "": {
      "name": "eight-bar-line",
      "workspaces": [
        "common"
      ],
      "dependencies": {
        "common": "file:common"
      },
      "devDependencies": {
        "prettier": "^3.0.3"
      }
    },
    "common": {
      "version": "1.0.0",
      "license": "ISC",
      "devDependencies": {
        "@types/node": "^20.8.0",
        "typescript": "^5.2.2"
      }
    },
    "node_modules/@types/node": {
      "version": "20.8.0",
      "dev": true,
      "license": "MIT"
    },
    "node_modules/common": {
      "resolved": "common",
      "link": true
    },
    "node_modules/prettier": {
      "version": "3.0.3",
      "dev": true,
      "license": "MIT",
      "bin": {
        "prettier": "bin/prettier.cjs"
      },
      "engines": {
        "node": ">=14"
      },
      "funding": {
        "url": "https://github.com/prettier/prettier?sponsor=1"
      }
    },
    "node_modules/typescript": {
      "version": "5.2.2",
      "dev": true,
      "license": "Apache-2.0",
      "bin": {
        "tsc": "bin/tsc",
        "tsserver": "bin/tsserver"
      },
      "engines": {
        "node": ">=14.17"
      }
    }
  },
  "dependencies": {
    "@types/node": {
      "version": "20.8.0",
      "dev": true
    },
    "common": {
      "version": "file:common",
      "requires": {
        "@types/node": "^20.8.0",
        "typescript": "^5.2.2"
      }
    },
    "prettier": {
      "version": "3.0.3",
      "dev": true
    },
    "typescript": {
      "version": "5.2.2",
      "dev": true
    }
  }
}
